[{<<"base32">>,
  {git,"https://github.com/aetrion/base32_erlang.git",
       {ref,"40431a7480176b24863e18b92d9872e54c714df5"}},
  1},
 {<<"bbmustache">>,{pkg,<<"bbmustache">>,<<"1.0.4">>},1},
 {<<"certifi">>,{pkg,<<"certifi">>,<<"0.1.1">>},1},
 {<<"cf">>,{pkg,<<"cf">>,<<"0.2.1">>},1},
 {<<"cth_readable">>,{pkg,<<"cth_readable">>,<<"1.0.1">>},1},
 {<<"dns">>,
  {git,"https://github.com/rikribbers/dns_erlang.git",
       {ref,"3e2b8f967448b31ed4db9d270e870323a8d8332b"}},
  0},
 {<<"erlware_commons">>,{pkg,<<"erlware_commons">>,<<"0.16.0">>},1},
 {<<"eunit_formatters">>,{pkg,<<"eunit_formatters">>,<<"0.2.0">>},1},
 {<<"getopt">>,{pkg,<<"getopt">>,<<"0.8.2">>},1},
 {<<"goldrush">>,
  {git,"git://github.com/DeadZen/goldrush.git",
       {ref,"212299233c7e7eb63a97be2777e1c05ebaa58dbe"}},
  1},
 {<<"lager">>,
  {git,"https://github.com/basho/lager.git",
       {ref,"b2cb2735713e3021e0761623ff595d53a545438e"}},
  0},
 {<<"providers">>,{pkg,<<"providers">>,<<"1.5.0">>},1},
 {<<"rebar">>,
  {git,"https://github.com/rebar/rebar3.git",
       {ref,"356ac5033d12b8b91ed0d6c4d308b00070ab12b9"}},
  0},
 {<<"relx">>,{pkg,<<"relx">>,<<"3.8.0">>},1},
 {<<"ssl_verify_hostname">>,{pkg,<<"ssl_verify_hostname">>,<<"1.0.5">>},1}].
